
Microsoft Visual Studio Solution File, Format Version 12.00
# Visual Studio Version 17
VisualStudioVersion = 17.14.36518.9 d17.14
MinimumVisualStudioVersion = 10.0.40219.1
Project("{FAE04EC0-301F-11D3-BF4B-00C04F79EFBC}") = "GUI_Weather", "GUI_Weather\GUI_Weather.csproj", "{EF6DB2D9-9275-45B0-A8B8-D6B48534C66E}"
EndProject
Global
	GlobalSection(SolutionConfigurationPlatforms) = preSolution
		Debug|Any CPU = Debug|Any CPU
		Release|Any CPU = Release|Any CPU
	EndGlobalSection
	GlobalSection(ProjectConfigurationPlatforms) = postSolution
		{EF6DB2D9-9275-45B0-A8B8-D6B48534C66E}.Debug|Any CPU.ActiveCfg = Debug|Any CPU
		{EF6DB2D9-9275-45B0-A8B8-D6B48534C66E}.Debug|Any CPU.Build.0 = Debug|Any CPU
		{EF6DB2D9-9275-45B0-A8B8-D6B48534C66E}.Release|Any CPU.ActiveCfg = Release|Any CPU
		{EF6DB2D9-9275-45B0-A8B8-D6B48534C66E}.Release|Any CPU.Build.0 = Release|Any CPU
	EndGlobalSection
	GlobalSection(SolutionProperties) = preSolution
		HideSolutionNode = FALSE
	EndGlobalSection
	GlobalSection(ExtensibilityGlobals) = postSolution
		SolutionGuid = {916B15D8-E241-4D03-8E72-A2E8D8C0DF5B}
	EndGlobalSection
EndGlobal
